
Microsoft Visual Studio Solution File, Format Version 12.00
# Visual Studio 2013
VisualStudioVersion = 12.0.31101.0
MinimumVisualStudioVersion = 10.0.40219.1
Project("{FAE04EC0-301F-11D3-BF4B-00C04F79EFBC}") = "MyChallenges", "MyChallenges\MyChallenges.csproj", "{58992560-3833-44E2-B4FB-CB6AC2C4B6D5}"
EndProject
Project("{FAE04EC0-301F-11D3-BF4B-00C04F79EFBC}") = "Equilibrium", "Equilibrium\Equilibrium.csproj", "{DB172B64-682D-45AB-94CF-11BF5D93CD2F}"
EndProject
Project("{FAE04EC0-301F-11D3-BF4B-00C04F79EFBC}") = "CheckNumberIsInRange", "CheckNumberIsInRange\CheckNumberIsInRange.csproj", "{ABDF44DA-EA79-4A2D-AA28-6929CC2C202D}"
EndProject
Project("{FAE04EC0-301F-11D3-BF4B-00C04F79EFBC}") = "FactorialRecursive", "FactorialRecursive\FactorialRecursive.csproj", "{396CEA5E-E60F-4AA9-9AFA-F26B23049E4A}"
EndProject
Project("{FAE04EC0-301F-11D3-BF4B-00C04F79EFBC}") = "FactorialWhileLoop", "FactorialWhileLoop\FactorialWhileLoop.csproj", "{D37C4DAA-EEC1-4D8F-AC31-476080DCCB45}"
EndProject
Project("{FAE04EC0-301F-11D3-BF4B-00C04F79EFBC}") = "Fibonacci", "Fibonacci\Fibonacci.csproj", "{B713EE19-9C93-421C-93F3-4A5345A246A2}"
EndProject
Project("{FAE04EC0-301F-11D3-BF4B-00C04F79EFBC}") = "LargerPerimeterInTriangle", "LargerPerimeterInTriangle\LargerPerimeterInTriangle.csproj", "{96D7002C-EEB4-4E44-B626-301298A73B0A}"
EndProject
Project("{FAE04EC0-301F-11D3-BF4B-00C04F79EFBC}") = "ListOfSquares", "ListOfSquares\ListOfSquares.csproj", "{590A30A1-CC03-4626-86B1-4F7A1B5594FD}"
EndProject
Project("{FAE04EC0-301F-11D3-BF4B-00C04F79EFBC}") = "MaxBinaryGap", "ConMaxBinaryGap\MaxBinaryGap.csproj", "{1DBAF2B5-5CE7-4D65-8CAC-47BE38706B1D}"
EndProject
Project("{FAE04EC0-301F-11D3-BF4B-00C04F79EFBC}") = "NumberOfUpperandLowerCases", "NumberOfUpperandLowerCases\NumberOfUpperandLowerCases.csproj", "{7D40380B-F75E-41E6-BD42-C8021E26D619}"
EndProject
Project("{FAE04EC0-301F-11D3-BF4B-00C04F79EFBC}") = "Palindrome", "Palindrome\Palindrome.csproj", "{6934D37C-A1D8-4BFA-8C02-5B488583D7FD}"
EndProject
Project("{FAE04EC0-301F-11D3-BF4B-00C04F79EFBC}") = "Pangram", "Pangram\Pangram.csproj", "{38D16BF9-543F-475C-B9AC-C0C19EB0C1B8}"
EndProject
Project("{FAE04EC0-301F-11D3-BF4B-00C04F79EFBC}") = "PascalTriangles", "PascalTriangles\PascalTriangles.csproj", "{1A6E50F9-2CD6-472C-87EA-1A5DF3BAAC89}"
EndProject
Project("{FAE04EC0-301F-11D3-BF4B-00C04F79EFBC}") = "PerfectNumbers", "PerfectNumbers\PerfectNumbers.csproj", "{9A2550FF-774A-4B57-931B-37604DDFCB51}"
EndProject
Project("{FAE04EC0-301F-11D3-BF4B-00C04F79EFBC}") = "StreamReaderWriter", "StreamReaderWriter\StreamReaderWriter.csproj", "{A12A0465-DE08-492A-8FFB-3BAB0B4F8671}"
EndProject
Project("{FAE04EC0-301F-11D3-BF4B-00C04F79EFBC}") = "StreamSerializer", "StreamSerializer\StreamSerializer.csproj", "{624C8C3F-473F-436E-B526-D2DF3E0902B5}"
EndProject
Project("{FAE04EC0-301F-11D3-BF4B-00C04F79EFBC}") = "XMLReader", "XMLReaderWriter\XMLReader.csproj", "{3293F8E9-287A-4215-AD68-452072939D8F}"
EndProject
Project("{FAE04EC0-301F-11D3-BF4B-00C04F79EFBC}") = "XMLSerializer", "XMLSerializer\XMLSerializer.csproj", "{6432461B-8349-40B5-AA0F-F74AB044D603}"
EndProject
Project("{FAE04EC0-301F-11D3-BF4B-00C04F79EFBC}") = "PrimeNumbersInARange", "PrimeNumbersInARange\PrimeNumbersInARange.csproj", "{2EADDB56-5F7E-4ABF-8108-733DE51BB1A0}"
EndProject
Project("{FAE04EC0-301F-11D3-BF4B-00C04F79EFBC}") = "MaxMinNumbersInARange", "MaxMinNumbersInARange\MaxMinNumbersInARange.csproj", "{4F2A92E0-0920-413F-95C7-4F4ED6B65E92}"
EndProject
Project("{FAE04EC0-301F-11D3-BF4B-00C04F79EFBC}") = "FeezBuzz", "FeezBuzz\FeezBuzz.csproj", "{33A568BF-9668-40A7-8964-7E33531A834C}"
EndProject
Project("{FAE04EC0-301F-11D3-BF4B-00C04F79EFBC}") = "BinarySearch", "BinarySearch\BinarySearch.csproj", "{6D2D7E37-EECD-4D24-A521-5EE13CD7B44B}"
EndProject
Project("{FAE04EC0-301F-11D3-BF4B-00C04F79EFBC}") = "UsingLinq", "UsingLinq\UsingLinq.csproj", "{13DBC647-A014-4134-95D6-112AF65E0590}"
EndProject
Project("{FAE04EC0-301F-11D3-BF4B-00C04F79EFBC}") = "NumberOfIdenticalStringsInExpression", "NumberOfIdenticalStringsInExpression\NumberOfIdenticalStringsInExpression.csproj", "{BF8F89D7-2BD4-4315-8540-C9BC4312A618}"
EndProject
Project("{FAE04EC0-301F-11D3-BF4B-00C04F79EFBC}") = "Delegates", "Delegates\Delegates.csproj", "{1AFF5757-F268-4557-8794-896F4B5DD98F}"
EndProject
Project("{FAE04EC0-301F-11D3-BF4B-00C04F79EFBC}") = "Threads", "Threads\Threads.csproj", "{D44D4616-268A-427D-85CA-62C42C2BB648}"
EndProject
Project("{FAE04EC0-301F-11D3-BF4B-00C04F79EFBC}") = "SQLServerQueries", "SQLServerQueries\SQLServerQueries.csproj", "{49C080DC-90ED-4A9B-B97A-6CB61B74692D}"
EndProject
Project("{FAE04EC0-301F-11D3-BF4B-00C04F79EFBC}") = "BuildingTriangles4types", "BuildingTriangles4types\BuildingTriangles4types.csproj", "{66B89C6F-699E-418A-8D3B-86004F58C7C5}"
EndProject
Project("{FAE04EC0-301F-11D3-BF4B-00C04F79EFBC}") = "StringCompressionDecompression", "StringCompressionDecompression\StringCompressionDecompression.csproj", "{3BF84AED-E9E5-4C44-9E2B-ADAC9ABC80E9}"
EndProject
Project("{FAE04EC0-301F-11D3-BF4B-00C04F79EFBC}") = "AngularJS", "AngularJS\AngularJS.csproj", "{D14F004B-872D-4874-884E-426CFCC39B4F}"
EndProject
Project("{FAE04EC0-301F-11D3-BF4B-00C04F79EFBC}") = "XMLWriter", "XMLWriter\XMLWriter.csproj", "{3A2D4519-F807-429A-A70F-DBF1C5D9644E}"
EndProject
Global
	GlobalSection(SolutionConfigurationPlatforms) = preSolution
		Debug|Any CPU = Debug|Any CPU
		Release|Any CPU = Release|Any CPU
	EndGlobalSection
	GlobalSection(ProjectConfigurationPlatforms) = postSolution
		{58992560-3833-44E2-B4FB-CB6AC2C4B6D5}.Debug|Any CPU.ActiveCfg = Debug|Any CPU
		{58992560-3833-44E2-B4FB-CB6AC2C4B6D5}.Debug|Any CPU.Build.0 = Debug|Any CPU
		{58992560-3833-44E2-B4FB-CB6AC2C4B6D5}.Release|Any CPU.ActiveCfg = Release|Any CPU
		{58992560-3833-44E2-B4FB-CB6AC2C4B6D5}.Release|Any CPU.Build.0 = Release|Any CPU
		{DB172B64-682D-45AB-94CF-11BF5D93CD2F}.Debug|Any CPU.ActiveCfg = Debug|Any CPU
		{DB172B64-682D-45AB-94CF-11BF5D93CD2F}.Debug|Any CPU.Build.0 = Debug|Any CPU
		{DB172B64-682D-45AB-94CF-11BF5D93CD2F}.Release|Any CPU.ActiveCfg = Release|Any CPU
		{DB172B64-682D-45AB-94CF-11BF5D93CD2F}.Release|Any CPU.Build.0 = Release|Any CPU
		{ABDF44DA-EA79-4A2D-AA28-6929CC2C202D}.Debug|Any CPU.ActiveCfg = Debug|Any CPU
		{ABDF44DA-EA79-4A2D-AA28-6929CC2C202D}.Debug|Any CPU.Build.0 = Debug|Any CPU
		{ABDF44DA-EA79-4A2D-AA28-6929CC2C202D}.Release|Any CPU.ActiveCfg = Release|Any CPU
		{ABDF44DA-EA79-4A2D-AA28-6929CC2C202D}.Release|Any CPU.Build.0 = Release|Any CPU
		{396CEA5E-E60F-4AA9-9AFA-F26B23049E4A}.Debug|Any CPU.ActiveCfg = Debug|Any CPU
		{396CEA5E-E60F-4AA9-9AFA-F26B23049E4A}.Debug|Any CPU.Build.0 = Debug|Any CPU
		{396CEA5E-E60F-4AA9-9AFA-F26B23049E4A}.Release|Any CPU.ActiveCfg = Release|Any CPU
		{396CEA5E-E60F-4AA9-9AFA-F26B23049E4A}.Release|Any CPU.Build.0 = Release|Any CPU
		{D37C4DAA-EEC1-4D8F-AC31-476080DCCB45}.Debug|Any CPU.ActiveCfg = Debug|Any CPU
		{D37C4DAA-EEC1-4D8F-AC31-476080DCCB45}.Debug|Any CPU.Build.0 = Debug|Any CPU
		{D37C4DAA-EEC1-4D8F-AC31-476080DCCB45}.Release|Any CPU.ActiveCfg = Release|Any CPU
		{D37C4DAA-EEC1-4D8F-AC31-476080DCCB45}.Release|Any CPU.Build.0 = Release|Any CPU
		{B713EE19-9C93-421C-93F3-4A5345A246A2}.Debug|Any CPU.ActiveCfg = Debug|Any CPU
		{B713EE19-9C93-421C-93F3-4A5345A246A2}.Debug|Any CPU.Build.0 = Debug|Any CPU
		{B713EE19-9C93-421C-93F3-4A5345A246A2}.Release|Any CPU.ActiveCfg = Release|Any CPU
		{B713EE19-9C93-421C-93F3-4A5345A246A2}.Release|Any CPU.Build.0 = Release|Any CPU
		{96D7002C-EEB4-4E44-B626-301298A73B0A}.Debug|Any CPU.ActiveCfg = Debug|Any CPU
		{96D7002C-EEB4-4E44-B626-301298A73B0A}.Debug|Any CPU.Build.0 = Debug|Any CPU
		{96D7002C-EEB4-4E44-B626-301298A73B0A}.Release|Any CPU.ActiveCfg = Release|Any CPU
		{96D7002C-EEB4-4E44-B626-301298A73B0A}.Release|Any CPU.Build.0 = Release|Any CPU
		{590A30A1-CC03-4626-86B1-4F7A1B5594FD}.Debug|Any CPU.ActiveCfg = Debug|Any CPU
		{590A30A1-CC03-4626-86B1-4F7A1B5594FD}.Debug|Any CPU.Build.0 = Debug|Any CPU
		{590A30A1-CC03-4626-86B1-4F7A1B5594FD}.Release|Any CPU.ActiveCfg = Release|Any CPU
		{590A30A1-CC03-4626-86B1-4F7A1B5594FD}.Release|Any CPU.Build.0 = Release|Any CPU
		{1DBAF2B5-5CE7-4D65-8CAC-47BE38706B1D}.Debug|Any CPU.ActiveCfg = Debug|Any CPU
		{1DBAF2B5-5CE7-4D65-8CAC-47BE38706B1D}.Debug|Any CPU.Build.0 = Debug|Any CPU
		{1DBAF2B5-5CE7-4D65-8CAC-47BE38706B1D}.Release|Any CPU.ActiveCfg = Release|Any CPU
		{1DBAF2B5-5CE7-4D65-8CAC-47BE38706B1D}.Release|Any CPU.Build.0 = Release|Any CPU
		{7D40380B-F75E-41E6-BD42-C8021E26D619}.Debug|Any CPU.ActiveCfg = Debug|Any CPU
		{7D40380B-F75E-41E6-BD42-C8021E26D619}.Debug|Any CPU.Build.0 = Debug|Any CPU
		{7D40380B-F75E-41E6-BD42-C8021E26D619}.Release|Any CPU.ActiveCfg = Release|Any CPU
		{7D40380B-F75E-41E6-BD42-C8021E26D619}.Release|Any CPU.Build.0 = Release|Any CPU
		{6934D37C-A1D8-4BFA-8C02-5B488583D7FD}.Debug|Any CPU.ActiveCfg = Debug|Any CPU
		{6934D37C-A1D8-4BFA-8C02-5B488583D7FD}.Debug|Any CPU.Build.0 = Debug|Any CPU
		{6934D37C-A1D8-4BFA-8C02-5B488583D7FD}.Release|Any CPU.ActiveCfg = Release|Any CPU
		{6934D37C-A1D8-4BFA-8C02-5B488583D7FD}.Release|Any CPU.Build.0 = Release|Any CPU
		{38D16BF9-543F-475C-B9AC-C0C19EB0C1B8}.Debug|Any CPU.ActiveCfg = Debug|Any CPU
		{38D16BF9-543F-475C-B9AC-C0C19EB0C1B8}.Debug|Any CPU.Build.0 = Debug|Any CPU
		{38D16BF9-543F-475C-B9AC-C0C19EB0C1B8}.Release|Any CPU.ActiveCfg = Release|Any CPU
		{38D16BF9-543F-475C-B9AC-C0C19EB0C1B8}.Release|Any CPU.Build.0 = Release|Any CPU
		{1A6E50F9-2CD6-472C-87EA-1A5DF3BAAC89}.Debug|Any CPU.ActiveCfg = Debug|Any CPU
		{1A6E50F9-2CD6-472C-87EA-1A5DF3BAAC89}.Debug|Any CPU.Build.0 = Debug|Any CPU
		{1A6E50F9-2CD6-472C-87EA-1A5DF3BAAC89}.Release|Any CPU.ActiveCfg = Release|Any CPU
		{1A6E50F9-2CD6-472C-87EA-1A5DF3BAAC89}.Release|Any CPU.Build.0 = Release|Any CPU
		{9A2550FF-774A-4B57-931B-37604DDFCB51}.Debug|Any CPU.ActiveCfg = Debug|Any CPU
		{9A2550FF-774A-4B57-931B-37604DDFCB51}.Debug|Any CPU.Build.0 = Debug|Any CPU
		{9A2550FF-774A-4B57-931B-37604DDFCB51}.Release|Any CPU.ActiveCfg = Release|Any CPU
		{9A2550FF-774A-4B57-931B-37604DDFCB51}.Release|Any CPU.Build.0 = Release|Any CPU
		{A12A0465-DE08-492A-8FFB-3BAB0B4F8671}.Debug|Any CPU.ActiveCfg = Debug|Any CPU
		{A12A0465-DE08-492A-8FFB-3BAB0B4F8671}.Debug|Any CPU.Build.0 = Debug|Any CPU
		{A12A0465-DE08-492A-8FFB-3BAB0B4F8671}.Release|Any CPU.ActiveCfg = Release|Any CPU
		{A12A0465-DE08-492A-8FFB-3BAB0B4F8671}.Release|Any CPU.Build.0 = Release|Any CPU
		{624C8C3F-473F-436E-B526-D2DF3E0902B5}.Debug|Any CPU.ActiveCfg = Debug|Any CPU
		{624C8C3F-473F-436E-B526-D2DF3E0902B5}.Debug|Any CPU.Build.0 = Debug|Any CPU
		{624C8C3F-473F-436E-B526-D2DF3E0902B5}.Release|Any CPU.ActiveCfg = Release|Any CPU
		{624C8C3F-473F-436E-B526-D2DF3E0902B5}.Release|Any CPU.Build.0 = Release|Any CPU
		{3293F8E9-287A-4215-AD68-452072939D8F}.Debug|Any CPU.ActiveCfg = Debug|Any CPU
		{3293F8E9-287A-4215-AD68-452072939D8F}.Debug|Any CPU.Build.0 = Debug|Any CPU
		{3293F8E9-287A-4215-AD68-452072939D8F}.Release|Any CPU.ActiveCfg = Release|Any CPU
		{3293F8E9-287A-4215-AD68-452072939D8F}.Release|Any CPU.Build.0 = Release|Any CPU
		{6432461B-8349-40B5-AA0F-F74AB044D603}.Debug|Any CPU.ActiveCfg = Debug|Any CPU
		{6432461B-8349-40B5-AA0F-F74AB044D603}.Debug|Any CPU.Build.0 = Debug|Any CPU
		{6432461B-8349-40B5-AA0F-F74AB044D603}.Release|Any CPU.ActiveCfg = Release|Any CPU
		{6432461B-8349-40B5-AA0F-F74AB044D603}.Release|Any CPU.Build.0 = Release|Any CPU
		{2EADDB56-5F7E-4ABF-8108-733DE51BB1A0}.Debug|Any CPU.ActiveCfg = Debug|Any CPU
		{2EADDB56-5F7E-4ABF-8108-733DE51BB1A0}.Debug|Any CPU.Build.0 = Debug|Any CPU
		{2EADDB56-5F7E-4ABF-8108-733DE51BB1A0}.Release|Any CPU.ActiveCfg = Release|Any CPU
		{2EADDB56-5F7E-4ABF-8108-733DE51BB1A0}.Release|Any CPU.Build.0 = Release|Any CPU
		{4F2A92E0-0920-413F-95C7-4F4ED6B65E92}.Debug|Any CPU.ActiveCfg = Debug|Any CPU
		{4F2A92E0-0920-413F-95C7-4F4ED6B65E92}.Debug|Any CPU.Build.0 = Debug|Any CPU
		{4F2A92E0-0920-413F-95C7-4F4ED6B65E92}.Release|Any CPU.ActiveCfg = Release|Any CPU
		{4F2A92E0-0920-413F-95C7-4F4ED6B65E92}.Release|Any CPU.Build.0 = Release|Any CPU
		{33A568BF-9668-40A7-8964-7E33531A834C}.Debug|Any CPU.ActiveCfg = Debug|Any CPU
		{33A568BF-9668-40A7-8964-7E33531A834C}.Debug|Any CPU.Build.0 = Debug|Any CPU
		{33A568BF-9668-40A7-8964-7E33531A834C}.Release|Any CPU.ActiveCfg = Release|Any CPU
		{33A568BF-9668-40A7-8964-7E33531A834C}.Release|Any CPU.Build.0 = Release|Any CPU
		{6D2D7E37-EECD-4D24-A521-5EE13CD7B44B}.Debug|Any CPU.ActiveCfg = Debug|Any CPU
		{6D2D7E37-EECD-4D24-A521-5EE13CD7B44B}.Debug|Any CPU.Build.0 = Debug|Any CPU
		{6D2D7E37-EECD-4D24-A521-5EE13CD7B44B}.Release|Any CPU.ActiveCfg = Release|Any CPU
		{6D2D7E37-EECD-4D24-A521-5EE13CD7B44B}.Release|Any CPU.Build.0 = Release|Any CPU
		{13DBC647-A014-4134-95D6-112AF65E0590}.Debug|Any CPU.ActiveCfg = Debug|Any CPU
		{13DBC647-A014-4134-95D6-112AF65E0590}.Debug|Any CPU.Build.0 = Debug|Any CPU
		{13DBC647-A014-4134-95D6-112AF65E0590}.Release|Any CPU.ActiveCfg = Release|Any CPU
		{13DBC647-A014-4134-95D6-112AF65E0590}.Release|Any CPU.Build.0 = Release|Any CPU
		{BF8F89D7-2BD4-4315-8540-C9BC4312A618}.Debug|Any CPU.ActiveCfg = Debug|Any CPU
		{BF8F89D7-2BD4-4315-8540-C9BC4312A618}.Debug|Any CPU.Build.0 = Debug|Any CPU
		{BF8F89D7-2BD4-4315-8540-C9BC4312A618}.Release|Any CPU.ActiveCfg = Release|Any CPU
		{BF8F89D7-2BD4-4315-8540-C9BC4312A618}.Release|Any CPU.Build.0 = Release|Any CPU
		{1AFF5757-F268-4557-8794-896F4B5DD98F}.Debug|Any CPU.ActiveCfg = Debug|Any CPU
		{1AFF5757-F268-4557-8794-896F4B5DD98F}.Debug|Any CPU.Build.0 = Debug|Any CPU
		{1AFF5757-F268-4557-8794-896F4B5DD98F}.Release|Any CPU.ActiveCfg = Release|Any CPU
		{1AFF5757-F268-4557-8794-896F4B5DD98F}.Release|Any CPU.Build.0 = Release|Any CPU
		{D44D4616-268A-427D-85CA-62C42C2BB648}.Debug|Any CPU.ActiveCfg = Debug|Any CPU
		{D44D4616-268A-427D-85CA-62C42C2BB648}.Debug|Any CPU.Build.0 = Debug|Any CPU
		{D44D4616-268A-427D-85CA-62C42C2BB648}.Release|Any CPU.ActiveCfg = Release|Any CPU
		{D44D4616-268A-427D-85CA-62C42C2BB648}.Release|Any CPU.Build.0 = Release|Any CPU
		{49C080DC-90ED-4A9B-B97A-6CB61B74692D}.Debug|Any CPU.ActiveCfg = Debug|Any CPU
		{49C080DC-90ED-4A9B-B97A-6CB61B74692D}.Debug|Any CPU.Build.0 = Debug|Any CPU
		{49C080DC-90ED-4A9B-B97A-6CB61B74692D}.Release|Any CPU.ActiveCfg = Release|Any CPU
		{49C080DC-90ED-4A9B-B97A-6CB61B74692D}.Release|Any CPU.Build.0 = Release|Any CPU
		{66B89C6F-699E-418A-8D3B-86004F58C7C5}.Debug|Any CPU.ActiveCfg = Debug|Any CPU
		{66B89C6F-699E-418A-8D3B-86004F58C7C5}.Debug|Any CPU.Build.0 = Debug|Any CPU
		{66B89C6F-699E-418A-8D3B-86004F58C7C5}.Release|Any CPU.ActiveCfg = Release|Any CPU
		{66B89C6F-699E-418A-8D3B-86004F58C7C5}.Release|Any CPU.Build.0 = Release|Any CPU
		{3BF84AED-E9E5-4C44-9E2B-ADAC9ABC80E9}.Debug|Any CPU.ActiveCfg = Debug|Any CPU
		{3BF84AED-E9E5-4C44-9E2B-ADAC9ABC80E9}.Debug|Any CPU.Build.0 = Debug|Any CPU
		{3BF84AED-E9E5-4C44-9E2B-ADAC9ABC80E9}.Release|Any CPU.ActiveCfg = Release|Any CPU
		{3BF84AED-E9E5-4C44-9E2B-ADAC9ABC80E9}.Release|Any CPU.Build.0 = Release|Any CPU
		{D14F004B-872D-4874-884E-426CFCC39B4F}.Debug|Any CPU.ActiveCfg = Debug|Any CPU
		{D14F004B-872D-4874-884E-426CFCC39B4F}.Debug|Any CPU.Build.0 = Debug|Any CPU
		{D14F004B-872D-4874-884E-426CFCC39B4F}.Release|Any CPU.ActiveCfg = Release|Any CPU
		{D14F004B-872D-4874-884E-426CFCC39B4F}.Release|Any CPU.Build.0 = Release|Any CPU
		{3A2D4519-F807-429A-A70F-DBF1C5D9644E}.Debug|Any CPU.ActiveCfg = Debug|Any CPU
		{3A2D4519-F807-429A-A70F-DBF1C5D9644E}.Debug|Any CPU.Build.0 = Debug|Any CPU
		{3A2D4519-F807-429A-A70F-DBF1C5D9644E}.Release|Any CPU.ActiveCfg = Release|Any CPU
		{3A2D4519-F807-429A-A70F-DBF1C5D9644E}.Release|Any CPU.Build.0 = Release|Any CPU
	EndGlobalSection
	GlobalSection(SolutionProperties) = preSolution
		HideSolutionNode = FALSE
	EndGlobalSection
EndGlobal
